
Microsoft Visual Studio Solution File, Format Version 12.00
# Visual Studio Version 17
VisualStudioVersion = 17.5.002.0
MinimumVisualStudioVersion = 10.0.40219.1
Project("{9A19103F-16F7-4668-BE54-9A1E7A4F7556}") = "cue4cli", "cue4cli.csproj", "{3069585A-67EB-4D04-96C7-1FDBC71556FE}"
EndProject
Global
	GlobalSection(SolutionConfigurationPlatforms) = preSolution
		Debug|Any CPU = Debug|Any CPU
		Release|Any CPU = Release|Any CPU
	EndGlobalSection
	GlobalSection(ProjectConfigurationPlatforms) = postSolution
		{3069585A-67EB-4D04-96C7-1FDBC71556FE}.Debug|Any CPU.ActiveCfg = Debug|Any CPU
		{3069585A-67EB-4D04-96C7-1FDBC71556FE}.Debug|Any CPU.Build.0 = Debug|Any CPU
		{3069585A-67EB-4D04-96C7-1FDBC71556FE}.Release|Any CPU.ActiveCfg = Release|Any CPU
		{3069585A-67EB-4D04-96C7-1FDBC71556FE}.Release|Any CPU.Build.0 = Release|Any CPU
	EndGlobalSection
	GlobalSection(SolutionProperties) = preSolution
		HideSolutionNode = FALSE
	EndGlobalSection
	GlobalSection(ExtensibilityGlobals) = postSolution
		SolutionGuid = {EEE03284-722E-48B3-B1F1-A3736DE86DB1}
	EndGlobalSection
EndGlobal
